
Microsoft Visual Studio Solution File, Format Version 12.00
# Visual Studio 15
VisualStudioVersion = 15.0.27703.2000
MinimumVisualStudioVersion = 10.0.40219.1
Project("{FAE04EC0-301F-11D3-BF4B-00C04F79EFBC}") = "RazorPagesMovie", "RazorPagesMovie\RazorPagesMovie.csproj", "{6929B5A9-4D07-45BF-9F0F-A1802A8B14F9}"
EndProject
Project("{E53339B2-1760-4266-BCC7-CA923CBCF16C}") = "docker-compose", "docker-compose.dcproj", "{AB10294E-190A-4FDE-B677-29F7410CB934}"
EndProject
Global
	GlobalSection(SolutionConfigurationPlatforms) = preSolution
		Debug|Any CPU = Debug|Any CPU
		Release|Any CPU = Release|Any CPU
	EndGlobalSection
	GlobalSection(ProjectConfigurationPlatforms) = postSolution
		{6929B5A9-4D07-45BF-9F0F-A1802A8B14F9}.Debug|Any CPU.ActiveCfg = Debug|Any CPU
		{6929B5A9-4D07-45BF-9F0F-A1802A8B14F9}.Debug|Any CPU.Build.0 = Debug|Any CPU
		{6929B5A9-4D07-45BF-9F0F-A1802A8B14F9}.Release|Any CPU.ActiveCfg = Release|Any CPU
		{6929B5A9-4D07-45BF-9F0F-A1802A8B14F9}.Release|Any CPU.Build.0 = Release|Any CPU
		{AB10294E-190A-4FDE-B677-29F7410CB934}.Debug|Any CPU.ActiveCfg = Debug|Any CPU
		{AB10294E-190A-4FDE-B677-29F7410CB934}.Debug|Any CPU.Build.0 = Debug|Any CPU
		{AB10294E-190A-4FDE-B677-29F7410CB934}.Release|Any CPU.ActiveCfg = Release|Any CPU
		{AB10294E-190A-4FDE-B677-29F7410CB934}.Release|Any CPU.Build.0 = Release|Any CPU
	EndGlobalSection
	GlobalSection(SolutionProperties) = preSolution
		HideSolutionNode = FALSE
	EndGlobalSection
	GlobalSection(ExtensibilityGlobals) = postSolution
		SolutionGuid = {530D1017-61BA-4718-A51F-9F4D0E8BD57A}
	EndGlobalSection
EndGlobal
